{
  "R": {
    "Version": "4.4.2",
    "Repositories": [
      {
        "Name": "CRAN",
        "URL": "http://cran.rstudio.com"
      }
    ]
  },
  "Packages": {
    "palmerpenguins": {
      "Package": "palmerpenguins",
      "Version": "0.1.1",
      "Source": "Repository",
      "Title": "Palmer Archipelago (Antarctica) Penguin Data",
      "Date": "2022-08-12",
      "Authors@R": "c( person(given = \"Allison\", family = \"Horst\", role = c(\"aut\", \"cre\"), email = \"ahorst@ucsb.edu\", comment = c(ORCID = \"0000-0002-6047-5564\")), person(given = \"Alison\", family = \"Hill\", role = c(\"aut\"), email = \"apresstats@gmail.com\", comment = c(ORCID = \"0000-0002-8082-1890\")), person(given = \"Kristen\", family = \"Gorman\", role = c(\"aut\"), email = \"kbgorman@alaska.edu\", comment = c(ORCID = \"0000-0002-0258-9264\")) )",
      "Description": "Size measurements, clutch observations, and blood isotope ratios for adult foraging Adélie, Chinstrap, and Gentoo penguins observed on islands in the Palmer Archipelago near Palmer Station, Antarctica. Data were collected and made available by Dr. Kristen Gorman and the Palmer Station Long Term Ecological Research (LTER) Program.",
      "License": "CC0",
      "Encoding": "UTF-8",
      "LazyData": "true",
      "RoxygenNote": "7.2.1.9000",
      "Depends": [
        "R (>= 2.10)"
      ],
      "Suggests": [
        "knitr",
        "rmarkdown",
        "tibble",
        "ggplot2",
        "dplyr",
        "tidyr",
        "recipes"
      ],
      "URL": "https://allisonhorst.github.io/palmerpenguins/, https://github.com/allisonhorst/palmerpenguins",
      "BugReports": "https://github.com/allisonhorst/palmerpenguins/issues",
      "NeedsCompilation": "no",
      "Author": "Allison Horst [aut, cre] (<https://orcid.org/0000-0002-6047-5564>), Alison Hill [aut] (<https://orcid.org/0000-0002-8082-1890>), Kristen Gorman [aut] (<https://orcid.org/0000-0002-0258-9264>)",
      "Maintainer": "Allison Horst <ahorst@ucsb.edu>",
      "Repository": "CRAN"
    },
    "renv": {
      "Package": "renv",
      "Version": "1.1.0",
      "Source": "Repository",
      "Type": "Package",
      "Title": "Project Environments",
      "Authors@R": "c( person(\"Kevin\", \"Ushey\", role = c(\"aut\", \"cre\"), email = \"kevin@rstudio.com\", comment = c(ORCID = \"0000-0003-2880-7407\")), person(\"Hadley\", \"Wickham\", role = c(\"aut\"), email = \"hadley@rstudio.com\", comment = c(ORCID = \"0000-0003-4757-117X\")), person(\"Posit Software, PBC\", role = c(\"cph\", \"fnd\")) )",
      "Description": "A dependency management toolkit for R. Using 'renv', you can create and manage project-local R libraries, save the state of these libraries to a 'lockfile', and later restore your library as required. Together, these tools can help make your projects more isolated, portable, and reproducible.",
      "License": "MIT + file LICENSE",
      "URL": "https://rstudio.github.io/renv/, https://github.com/rstudio/renv",
      "BugReports": "https://github.com/rstudio/renv/issues",
      "Imports": [
        "utils"
      ],
      "Suggests": [
        "BiocManager",
        "cli",
        "compiler",
        "covr",
        "cpp11",
        "devtools",
        "gitcreds",
        "jsonlite",
        "jsonvalidate",
        "knitr",
        "miniUI",
        "modules",
        "packrat",
        "pak",
        "R6",
        "remotes",
        "reticulate",
        "rmarkdown",
        "rstudioapi",
        "shiny",
        "testthat",
        "uuid",
        "waldo",
        "yaml",
        "webfakes"
      ],
      "Encoding": "UTF-8",
      "RoxygenNote": "7.3.2",
      "VignetteBuilder": "knitr",
      "Config/Needs/website": "tidyverse/tidytemplate",
      "Config/testthat/edition": "3",
      "Config/testthat/parallel": "true",
      "Config/testthat/start-first": "bioconductor,python,install,restore,snapshot,retrieve,remotes",
      "NeedsCompilation": "no",
      "Author": "Kevin Ushey [aut, cre] (<https://orcid.org/0000-0003-2880-7407>), Hadley Wickham [aut] (<https://orcid.org/0000-0003-4757-117X>), Posit Software, PBC [cph, fnd]",
      "Maintainer": "Kevin Ushey <kevin@rstudio.com>",
      "Repository": "CRAN"
    }
  }
}
